// !$*UTF8*$!
{
	archiveVersion = 1;
	classes = {
	};
	objectVersion = 51;
	objects = {

/* Begin PBXBuildFile section */
		6511BB89249038CD00B8C73D /* Spinning.swift in Sources */ = {isa = PBXBuildFile; fileRef = 6511BB88249038CD00B8C73D /* Spinning.swift */; };
		6511BB8B2490647600B8C73D /* HexagonShape.swift in Sources */ = {isa = PBXBuildFile; fileRef = 6511BB8A2490647600B8C73D /* HexagonShape.swift */; };
		6511BB8D2490883900B8C73D /* UserSettingsView.swift in Sources */ = {isa = PBXBuildFile; fileRef = 6511BB8C2490883900B8C73D /* UserSettingsView.swift */; };
		6511BB8F2490887000B8C73D /* UserSettingsModel.swift in Sources */ = {isa = PBXBuildFile; fileRef = 6511BB8E2490887000B8C73D /* UserSettingsModel.swift */; };
		6511BB9124908C4500B8C73D /* SoundPlayer.swift in Sources */ = {isa = PBXBuildFile; fileRef = 6511BB9024908C4500B8C73D /* SoundPlayer.swift */; };
		6511BB972490957300B8C73D /* intro_sound.mp3 in Resources */ = {isa = PBXBuildFile; fileRef = 6511BB962490957300B8C73D /* intro_sound.mp3 */; };
		6519C965248F37900081D0B5 /* ImagePhotoView.swift in Sources */ = {isa = PBXBuildFile; fileRef = 6519C964248F37900081D0B5 /* ImagePhotoView.swift */; };
		6519C967248F38EC0081D0B5 /* OrientationInfo.swift in Sources */ = {isa = PBXBuildFile; fileRef = 6519C966248F38EC0081D0B5 /* OrientationInfo.swift */; };
		6519C969248F39600081D0B5 /* RestaurantsStore.swift in Sources */ = {isa = PBXBuildFile; fileRef = 6519C968248F39600081D0B5 /* RestaurantsStore.swift */; };
		6589EF88248DB22B003D581E /* test.json in Resources */ = {isa = PBXBuildFile; fileRef = 6589EF87248DB22B003D581E /* test.json */; };
		658FC44D248D7A4000B19FCE /* AppDelegate.swift in Sources */ = {isa = PBXBuildFile; fileRef = 658FC44C248D7A4000B19FCE /* AppDelegate.swift */; };
		658FC44F248D7A4000B19FCE /* SceneDelegate.swift in Sources */ = {isa = PBXBuildFile; fileRef = 658FC44E248D7A4000B19FCE /* SceneDelegate.swift */; };
		658FC451248D7A4000B19FCE /* MenuView.swift in Sources */ = {isa = PBXBuildFile; fileRef = 658FC450248D7A4000B19FCE /* MenuView.swift */; };
		658FC453248D7A4100B19FCE /* Assets.xcassets in Resources */ = {isa = PBXBuildFile; fileRef = 658FC452248D7A4100B19FCE /* Assets.xcassets */; };
		658FC456248D7A4100B19FCE /* Preview Assets.xcassets in Resources */ = {isa = PBXBuildFile; fileRef = 658FC455248D7A4100B19FCE /* Preview Assets.xcassets */; };
		658FC459248D7A4100B19FCE /* LaunchScreen.storyboard in Resources */ = {isa = PBXBuildFile; fileRef = 658FC457248D7A4100B19FCE /* LaunchScreen.storyboard */; };
		658FC461248D92B500B19FCE /* MarketplaceView.swift in Sources */ = {isa = PBXBuildFile; fileRef = 658FC460248D92B500B19FCE /* MarketplaceView.swift */; };
		65E966D724900CAC00DE4291 /* Extensions.swift in Sources */ = {isa = PBXBuildFile; fileRef = 65E966D624900CAC00DE4291 /* Extensions.swift */; };
		65E966D92490191D00DE4291 /* TriangleVortexShape.swift in Sources */ = {isa = PBXBuildFile; fileRef = 65E966D82490191D00DE4291 /* TriangleVortexShape.swift */; };
		65E966DB24902DA500DE4291 /* LaunchScreen.swift in Sources */ = {isa = PBXBuildFile; fileRef = 65E966DA24902DA500DE4291 /* LaunchScreen.swift */; };
		65E966DD24902FB600DE4291 /* MainView.swift in Sources */ = {isa = PBXBuildFile; fileRef = 65E966DC24902FB600DE4291 /* MainView.swift */; };
		C914250C314F192B2F22CD2D /* Pods_QuickFood.framework in Frameworks */ = {isa = PBXBuildFile; fileRef = 57D7984EBDCE99FD37ED42E3 /* Pods_QuickFood.framework */; };
/* End PBXBuildFile section */

/* Begin PBXFileReference section */
		57D7984EBDCE99FD37ED42E3 /* Pods_QuickFood.framework */ = {isa = PBXFileReference; explicitFileType = wrapper.framework; includeInIndex = 0; path = Pods_QuickFood.framework; sourceTree = BUILT_PRODUCTS_DIR; };
		6511BB88249038CD00B8C73D /* Spinning.swift */ = {isa = PBXFileReference; lastKnownFileType = sourcecode.swift; path = Spinning.swift; sourceTree = "<group>"; };
		6511BB8A2490647600B8C73D /* HexagonShape.swift */ = {isa = PBXFileReference; lastKnownFileType = sourcecode.swift; path = HexagonShape.swift; sourceTree = "<group>"; };
		6511BB8C2490883900B8C73D /* UserSettingsView.swift */ = {isa = PBXFileReference; lastKnownFileType = sourcecode.swift; path = UserSettingsView.swift; sourceTree = "<group>"; };
		6511BB8E2490887000B8C73D /* UserSettingsModel.swift */ = {isa = PBXFileReference; lastKnownFileType = sourcecode.swift; path = UserSettingsModel.swift; sourceTree = "<group>"; };
		6511BB9024908C4500B8C73D /* SoundPlayer.swift */ = {isa = PBXFileReference; lastKnownFileType = sourcecode.swift; path = SoundPlayer.swift; sourceTree = "<group>"; };
		6511BB962490957300B8C73D /* intro_sound.mp3 */ = {isa = PBXFileReference; lastKnownFileType = audio.mp3; path = intro_sound.mp3; sourceTree = "<group>"; };
		6519C964248F37900081D0B5 /* ImagePhotoView.swift */ = {isa = PBXFileReference; lastKnownFileType = sourcecode.swift; path = ImagePhotoView.swift; sourceTree = "<group>"; };
		6519C966248F38EC0081D0B5 /* OrientationInfo.swift */ = {isa = PBXFileReference; lastKnownFileType = sourcecode.swift; path = OrientationInfo.swift; sourceTree = "<group>"; };
		6519C968248F39600081D0B5 /* RestaurantsStore.swift */ = {isa = PBXFileReference; lastKnownFileType = sourcecode.swift; path = RestaurantsStore.swift; sourceTree = "<group>"; };
		6589EF87248DB22B003D581E /* test.json */ = {isa = PBXFileReference; fileEncoding = 4; lastKnownFileType = text.json; path = test.json; sourceTree = "<group>"; };
		658FC449248D7A4000B19FCE /* QuickFood.app */ = {isa = PBXFileReference; explicitFileType = wrapper.application; includeInIndex = 0; path = QuickFood.app; sourceTree = BUILT_PRODUCTS_DIR; };
		658FC44C248D7A4000B19FCE /* AppDelegate.swift */ = {isa = PBXFileReference; lastKnownFileType = sourcecode.swift; path = AppDelegate.swift; sourceTree = "<group>"; };
		658FC44E248D7A4000B19FCE /* SceneDelegate.swift */ = {isa = PBXFileReference; lastKnownFileType = sourcecode.swift; path = SceneDelegate.swift; sourceTree = "<group>"; };
		658FC450248D7A4000B19FCE /* MenuView.swift */ = {isa = PBXFileReference; lastKnownFileType = sourcecode.swift; path = MenuView.swift; sourceTree = "<group>"; };
		658FC452248D7A4100B19FCE /* Assets.xcassets */ = {isa = PBXFileReference; lastKnownFileType = folder.assetcatalog; path = Assets.xcassets; sourceTree = "<group>"; };
		658FC455248D7A4100B19FCE /* Preview Assets.xcassets */ = {isa = PBXFileReference; lastKnownFileType = folder.assetcatalog; path = "Preview Assets.xcassets"; sourceTree = "<group>"; };
		658FC458248D7A4100B19FCE /* Base */ = {isa = PBXFileReference; lastKnownFileType = file.storyboard; name = Base; path = Base.lproj/LaunchScreen.storyboard; sourceTree = "<group>"; };
		658FC45A248D7A4100B19FCE /* Info.plist */ = {isa = PBXFileReference; lastKnownFileType = text.plist.xml; path = Info.plist; sourceTree = "<group>"; };
		658FC460248D92B500B19FCE /* MarketplaceView.swift */ = {isa = PBXFileReference; lastKnownFileType = sourcecode.swift; path = MarketplaceView.swift; sourceTree = "<group>"; };
		65E966D624900CAC00DE4291 /* Extensions.swift */ = {isa = PBXFileReference; lastKnownFileType = sourcecode.swift; path = Extensions.swift; sourceTree = "<group>"; };
		65E966D82490191D00DE4291 /* TriangleVortexShape.swift */ = {isa = PBXFileReference; lastKnownFileType = sourcecode.swift; path = TriangleVortexShape.swift; sourceTree = "<group>"; };
		65E966DA24902DA500DE4291 /* LaunchScreen.swift */ = {isa = PBXFileReference; lastKnownFileType = sourcecode.swift; path = LaunchScreen.swift; sourceTree = "<group>"; };
		65E966DC24902FB600DE4291 /* MainView.swift */ = {isa = PBXFileReference; lastKnownFileType = sourcecode.swift; path = MainView.swift; sourceTree = "<group>"; };
		69B5335C6C155641391F980B /* Pods-QuickFood.release.xcconfig */ = {isa = PBXFileReference; includeInIndex = 1; lastKnownFileType = text.xcconfig; name = "Pods-QuickFood.release.xcconfig"; path = "Target Support Files/Pods-QuickFood/Pods-QuickFood.release.xcconfig"; sourceTree = "<group>"; };
		D486C4DB2FE240D95F0164DB /* Pods-QuickFood.debug.xcconfig */ = {isa = PBXFileReference; includeInIndex = 1; lastKnownFileType = text.xcconfig; name = "Pods-QuickFood.debug.xcconfig"; path = "Target Support Files/Pods-QuickFood/Pods-QuickFood.debug.xcconfig"; sourceTree = "<group>"; };
/* End PBXFileReference section */

/* Begin PBXFrameworksBuildPhase section */
		658FC446248D7A4000B19FCE /* Frameworks */ = {
			isa = PBXFrameworksBuildPhase;
			buildActionMask = 2147483647;
			files = (
				C914250C314F192B2F22CD2D /* Pods_QuickFood.framework in Frameworks */,
			);
			runOnlyForDeploymentPostprocessing = 0;
		};
/* End PBXFrameworksBuildPhase section */

/* Begin PBXGroup section */
		658FC440248D7A4000B19FCE = {
			isa = PBXGroup;
			children = (
				658FC44B248D7A4000B19FCE /* QuickFood */,
				658FC44A248D7A4000B19FCE /* Products */,
				9D22D913F570E7C1E7AAF24B /* Pods */,
				D41491ED4F6CA01690A30FB2 /* Frameworks */,
			);
			sourceTree = "<group>";
		};
		658FC44A248D7A4000B19FCE /* Products */ = {
			isa = PBXGroup;
			children = (
				658FC449248D7A4000B19FCE /* QuickFood.app */,
			);
			name = Products;
			sourceTree = "<group>";
		};
		658FC44B248D7A4000B19FCE /* QuickFood */ = {
			isa = PBXGroup;
			children = (
				6511BB962490957300B8C73D /* intro_sound.mp3 */,
				658FC44C248D7A4000B19FCE /* AppDelegate.swift */,
				658FC44E248D7A4000B19FCE /* SceneDelegate.swift */,
				658FC450248D7A4000B19FCE /* MenuView.swift */,
				65E966D82490191D00DE4291 /* TriangleVortexShape.swift */,
				6511BB8A2490647600B8C73D /* HexagonShape.swift */,
				65E966DA24902DA500DE4291 /* LaunchScreen.swift */,
				6511BB88249038CD00B8C73D /* Spinning.swift */,
				6519C966248F38EC0081D0B5 /* OrientationInfo.swift */,
				658FC460248D92B500B19FCE /* MarketplaceView.swift */,
				6511BB8C2490883900B8C73D /* UserSettingsView.swift */,
				6511BB9024908C4500B8C73D /* SoundPlayer.swift */,
				6511BB8E2490887000B8C73D /* UserSettingsModel.swift */,
				65E966DC24902FB600DE4291 /* MainView.swift */,
				6519C968248F39600081D0B5 /* RestaurantsStore.swift */,
				6519C964248F37900081D0B5 /* ImagePhotoView.swift */,
				65E966D624900CAC00DE4291 /* Extensions.swift */,
				6589EF87248DB22B003D581E /* test.json */,
				658FC452248D7A4100B19FCE /* Assets.xcassets */,
				658FC457248D7A4100B19FCE /* LaunchScreen.storyboard */,
				658FC45A248D7A4100B19FCE /* Info.plist */,
				658FC454248D7A4100B19FCE /* Preview Content */,
			);
			path = QuickFood;
			sourceTree = "<group>";
		};
		658FC454248D7A4100B19FCE /* Preview Content */ = {
			isa = PBXGroup;
			children = (
				658FC455248D7A4100B19FCE /* Preview Assets.xcassets */,
			);
			path = "Preview Content";
			sourceTree = "<group>";
		};
		9D22D913F570E7C1E7AAF24B /* Pods */ = {
			isa = PBXGroup;
			children = (
				D486C4DB2FE240D95F0164DB /* Pods-QuickFood.debug.xcconfig */,
				69B5335C6C155641391F980B /* Pods-QuickFood.release.xcconfig */,
			);
			path = Pods;
			sourceTree = "<group>";
		};
		D41491ED4F6CA01690A30FB2 /* Frameworks */ = {
			isa = PBXGroup;
			children = (
				57D7984EBDCE99FD37ED42E3 /* Pods_QuickFood.framework */,
			);
			name = Frameworks;
			sourceTree = "<group>";
		};
/* End PBXGroup section */

/* Begin PBXNativeTarget section */
		658FC448248D7A4000B19FCE /* QuickFood */ = {
			isa = PBXNativeTarget;
			buildConfigurationList = 658FC45D248D7A4100B19FCE /* Build configuration list for PBXNativeTarget "QuickFood" */;
			buildPhases = (
				F9588A2707B1FFB34D975C8D /* [CP] Check Pods Manifest.lock */,
				658FC445248D7A4000B19FCE /* Sources */,
				658FC446248D7A4000B19FCE /* Frameworks */,
				658FC447248D7A4000B19FCE /* Resources */,
				08B2BC62881DF531587B965D /* [CP] Embed Pods Frameworks */,
			);
			buildRules = (
			);
			dependencies = (
			);
			name = QuickFood;
			productName = QuickFood;
			productReference = 658FC449248D7A4000B19FCE /* QuickFood.app */;
			productType = "com.apple.product-type.application";
		};
/* End PBXNativeTarget section */

/* Begin PBXProject section */
		658FC441248D7A4000B19FCE /* Project object */ = {
			isa = PBXProject;
			attributes = {
				LastSwiftUpdateCheck = 1150;
				LastUpgradeCheck = 1150;
				ORGANIZATIONNAME = "Daniel Marin";
				TargetAttributes = {
					658FC448248D7A4000B19FCE = {
						CreatedOnToolsVersion = 11.5;
					};
				};
			};
			buildConfigurationList = 658FC444248D7A4000B19FCE /* Build configuration list for PBXProject "QuickFood" */;
			compatibilityVersion = "Xcode 9.3";
			developmentRegion = en;
			hasScannedForEncodings = 0;
			knownRegions = (
				en,
				Base,
			);
			mainGroup = 658FC440248D7A4000B19FCE;
			productRefGroup = 658FC44A248D7A4000B19FCE /* Products */;
			projectDirPath = "";
			projectRoot = "";
			targets = (
				658FC448248D7A4000B19FCE /* QuickFood */,
			);
		};
/* End PBXProject section */

/* Begin PBXResourcesBuildPhase section */
		658FC447248D7A4000B19FCE /* Resources */ = {
			isa = PBXResourcesBuildPhase;
			buildActionMask = 2147483647;
			files = (
				6511BB972490957300B8C73D /* intro_sound.mp3 in Resources */,
				658FC459248D7A4100B19FCE /* LaunchScreen.storyboard in Resources */,
				658FC456248D7A4100B19FCE /* Preview Assets.xcassets in Resources */,
				6589EF88248DB22B003D581E /* test.json in Resources */,
				658FC453248D7A4100B19FCE /* Assets.xcassets in Resources */,
			);
			runOnlyForDeploymentPostprocessing = 0;
		};
/* End PBXResourcesBuildPhase section */

/* Begin PBXShellScriptBuildPhase section */
		08B2BC62881DF531587B965D /* [CP] Embed Pods Frameworks */ = {
			isa = PBXShellScriptBuildPhase;
			buildActionMask = 2147483647;
			files = (
			);
			inputFileListPaths = (
				"${PODS_ROOT}/Target Support Files/Pods-QuickFood/Pods-QuickFood-frameworks-${CONFIGURATION}-input-files.xcfilelist",
			);
			name = "[CP] Embed Pods Frameworks";
			outputFileListPaths = (
				"${PODS_ROOT}/Target Support Files/Pods-QuickFood/Pods-QuickFood-frameworks-${CONFIGURATION}-output-files.xcfilelist",
			);
			runOnlyForDeploymentPostprocessing = 0;
			shellPath = /bin/sh;
			shellScript = "\"${PODS_ROOT}/Target Support Files/Pods-QuickFood/Pods-QuickFood-frameworks.sh\"\n";
			showEnvVarsInLog = 0;
		};
		F9588A2707B1FFB34D975C8D /* [CP] Check Pods Manifest.lock */ = {
			isa = PBXShellScriptBuildPhase;
			buildActionMask = 2147483647;
			files = (
			);
			inputFileListPaths = (
			);
			inputPaths = (
				"${PODS_PODFILE_DIR_PATH}/Podfile.lock",
				"${PODS_ROOT}/Manifest.lock",
			);
			name = "[CP] Check Pods Manifest.lock";
			outputFileListPaths = (
			);
			outputPaths = (
				"$(DERIVED_FILE_DIR)/Pods-QuickFood-checkManifestLockResult.txt",
			);
			runOnlyForDeploymentPostprocessing = 0;
			shellPath = /bin/sh;
			shellScript = "diff \"${PODS_PODFILE_DIR_PATH}/Podfile.lock\" \"${PODS_ROOT}/Manifest.lock\" > /dev/null\nif [ $? != 0 ] ; then\n    # print error to STDERR\n    echo \"error: The sandbox is not in sync with the Podfile.lock. Run 'pod install' or update your CocoaPods installation.\" >&2\n    exit 1\nfi\n# This output is used by Xcode 'outputs' to avoid re-running this script phase.\necho \"SUCCESS\" > \"${SCRIPT_OUTPUT_FILE_0}\"\n";
			showEnvVarsInLog = 0;
		};
/* End PBXShellScriptBuildPhase section */

/* Begin PBXSourcesBuildPhase section */
		658FC445248D7A4000B19FCE /* Sources */ = {
			isa = PBXSourcesBuildPhase;
			buildActionMask = 2147483647;
			files = (
				65E966D92490191D00DE4291 /* TriangleVortexShape.swift in Sources */,
				658FC461248D92B500B19FCE /* MarketplaceView.swift in Sources */,
				6511BB9124908C4500B8C73D /* SoundPlayer.swift in Sources */,
				65E966DB24902DA500DE4291 /* LaunchScreen.swift in Sources */,
				6519C965248F37900081D0B5 /* ImagePhotoView.swift in Sources */,
				6519C967248F38EC0081D0B5 /* OrientationInfo.swift in Sources */,
				65E966D724900CAC00DE4291 /* Extensions.swift in Sources */,
				658FC44D248D7A4000B19FCE /* AppDelegate.swift in Sources */,
				65E966DD24902FB600DE4291 /* MainView.swift in Sources */,
				6511BB8B2490647600B8C73D /* HexagonShape.swift in Sources */,
				6511BB8F2490887000B8C73D /* UserSettingsModel.swift in Sources */,
				6519C969248F39600081D0B5 /* RestaurantsStore.swift in Sources */,
				6511BB89249038CD00B8C73D /* Spinning.swift in Sources */,
				658FC44F248D7A4000B19FCE /* SceneDelegate.swift in Sources */,
				6511BB8D2490883900B8C73D /* UserSettingsView.swift in Sources */,
				658FC451248D7A4000B19FCE /* MenuView.swift in Sources */,
			);
			runOnlyForDeploymentPostprocessing = 0;
		};
/* End PBXSourcesBuildPhase section */

/* Begin PBXVariantGroup section */
		658FC457248D7A4100B19FCE /* LaunchScreen.storyboard */ = {
			isa = PBXVariantGroup;
			children = (
				658FC458248D7A4100B19FCE /* Base */,
			);
			name = LaunchScreen.storyboard;
			sourceTree = "<group>";
		};
/* End PBXVariantGroup section */

/* Begin XCBuildConfiguration section */
		658FC45B248D7A4100B19FCE /* Debug */ = {
			isa = XCBuildConfiguration;
			buildSettings = {
				ALWAYS_SEARCH_USER_PATHS = NO;
				CLANG_ANALYZER_NONNULL = YES;
				CLANG_ANALYZER_NUMBER_OBJECT_CONVERSION = YES_AGGRESSIVE;
				CLANG_CXX_LANGUAGE_STANDARD = "gnu++14";
				CLANG_CXX_LIBRARY = "libc++";
				CLANG_ENABLE_MODULES = YES;
				CLANG_ENABLE_OBJC_ARC = YES;
				CLANG_ENABLE_OBJC_WEAK = YES;
				CLANG_WARN_BLOCK_CAPTURE_AUTORELEASING = YES;
				CLANG_WARN_BOOL_CONVERSION = YES;
				CLANG_WARN_COMMA = YES;
				CLANG_WARN_CONSTANT_CONVERSION = YES;
				CLANG_WARN_DEPRECATED_OBJC_IMPLEMENTATIONS = YES;
				CLANG_WARN_DIRECT_OBJC_ISA_USAGE = YES_ERROR;
				CLANG_WARN_DOCUMENTATION_COMMENTS = YES;
				CLANG_WARN_EMPTY_BODY = YES;
				CLANG_WARN_ENUM_CONVERSION = YES;
				CLANG_WARN_INFINITE_RECURSION = YES;
				CLANG_WARN_INT_CONVERSION = YES;
				CLANG_WARN_NON_LITERAL_NULL_CONVERSION = YES;
				CLANG_WARN_OBJC_IMPLICIT_RETAIN_SELF = YES;
				CLANG_WARN_OBJC_LITERAL_CONVERSION = YES;
				CLANG_WARN_OBJC_ROOT_CLASS = YES_ERROR;
				CLANG_WARN_RANGE_LOOP_ANALYSIS = YES;
				CLANG_WARN_STRICT_PROTOTYPES = YES;
				CLANG_WARN_SUSPICIOUS_MOVE = YES;
				CLANG_WARN_UNGUARDED_AVAILABILITY = YES_AGGRESSIVE;
				CLANG_WARN_UNREACHABLE_CODE = YES;
				CLANG_WARN__DUPLICATE_METHOD_MATCH = YES;
				COPY_PHASE_STRIP = NO;
				DEBUG_INFORMATION_FORMAT = dwarf;
				ENABLE_STRICT_OBJC_MSGSEND = YES;
				ENABLE_TESTABILITY = YES;
				GCC_C_LANGUAGE_STANDARD = gnu11;
				GCC_DYNAMIC_NO_PIC = NO;
				GCC_NO_COMMON_BLOCKS = YES;
				GCC_OPTIMIZATION_LEVEL = 0;
				GCC_PREPROCESSOR_DEFINITIONS = (
					"DEBUG=1",
					"$(inherited)",
				);
				GCC_WARN_64_TO_32_BIT_CONVERSION = YES;
				GCC_WARN_ABOUT_RETURN_TYPE = YES_ERROR;
				GCC_WARN_UNDECLARED_SELECTOR = YES;
				GCC_WARN_UNINITIALIZED_AUTOS = YES_AGGRESSIVE;
				GCC_WARN_UNUSED_FUNCTION = YES;
				GCC_WARN_UNUSED_VARIABLE = YES;
				IPHONEOS_DEPLOYMENT_TARGET = 13.5;
				MTL_ENABLE_DEBUG_INFO = INCLUDE_SOURCE;
				MTL_FAST_MATH = YES;
				ONLY_ACTIVE_ARCH = YES;
				SDKROOT = iphoneos;
				SWIFT_ACTIVE_COMPILATION_CONDITIONS = DEBUG;
				SWIFT_OPTIMIZATION_LEVEL = "-Onone";
			};
			name = Debug;
		};
		658FC45C248D7A4100B19FCE /* Release */ = {
			isa = XCBuildConfiguration;
			buildSettings = {
				ALWAYS_SEARCH_USER_PATHS = NO;
				CLANG_ANALYZER_NONNULL = YES;
				CLANG_ANALYZER_NUMBER_OBJECT_CONVERSION = YES_AGGRESSIVE;
				CLANG_CXX_LANGUAGE_STANDARD = "gnu++14";
				CLANG_CXX_LIBRARY = "libc++";
				CLANG_ENABLE_MODULES = YES;
				CLANG_ENABLE_OBJC_ARC = YES;
				CLANG_ENABLE_OBJC_WEAK = YES;
				CLANG_WARN_BLOCK_CAPTURE_AUTORELEASING = YES;
				CLANG_WARN_BOOL_CONVERSION = YES;
				CLANG_WARN_COMMA = YES;
				CLANG_WARN_CONSTANT_CONVERSION = YES;
				CLANG_WARN_DEPRECATED_OBJC_IMPLEMENTATIONS = YES;
				CLANG_WARN_DIRECT_OBJC_ISA_USAGE = YES_ERROR;
				CLANG_WARN_DOCUMENTATION_COMMENTS = YES;
				CLANG_WARN_EMPTY_BODY = YES;
				CLANG_WARN_ENUM_CONVERSION = YES;
				CLANG_WARN_INFINITE_RECURSION = YES;
				CLANG_WARN_INT_CONVERSION = YES;
				CLANG_WARN_NON_LITERAL_NULL_CONVERSION = YES;
				CLANG_WARN_OBJC_IMPLICIT_RETAIN_SELF = YES;
				CLANG_WARN_OBJC_LITERAL_CONVERSION = YES;
				CLANG_WARN_OBJC_ROOT_CLASS = YES_ERROR;
				CLANG_WARN_RANGE_LOOP_ANALYSIS = YES;
				CLANG_WARN_STRICT_PROTOTYPES = YES;
				CLANG_WARN_SUSPICIOUS_MOVE = YES;
				CLANG_WARN_UNGUARDED_AVAILABILITY = YES_AGGRESSIVE;
				CLANG_WARN_UNREACHABLE_CODE = YES;
				CLANG_WARN__DUPLICATE_METHOD_MATCH = YES;
				COPY_PHASE_STRIP = NO;
				DEBUG_INFORMATION_FORMAT = "dwarf-with-dsym";
				ENABLE_NS_ASSERTIONS = NO;
				ENABLE_STRICT_OBJC_MSGSEND = YES;
				GCC_C_LANGUAGE_STANDARD = gnu11;
				GCC_NO_COMMON_BLOCKS = YES;
				GCC_WARN_64_TO_32_BIT_CONVERSION = YES;
				GCC_WARN_ABOUT_RETURN_TYPE = YES_ERROR;
				GCC_WARN_UNDECLARED_SELECTOR = YES;
				GCC_WARN_UNINITIALIZED_AUTOS = YES_AGGRESSIVE;
				GCC_WARN_UNUSED_FUNCTION = YES;
				GCC_WARN_UNUSED_VARIABLE = YES;
				IPHONEOS_DEPLOYMENT_TARGET = 13.5;
				MTL_ENABLE_DEBUG_INFO = NO;
				MTL_FAST_MATH = YES;
				SDKROOT = iphoneos;
				SWIFT_COMPILATION_MODE = wholemodule;
				SWIFT_OPTIMIZATION_LEVEL = "-O";
				VALIDATE_PRODUCT = YES;
			};
			name = Release;
		};
		658FC45E248D7A4100B19FCE /* Debug */ = {
			isa = XCBuildConfiguration;
			baseConfigurationReference = D486C4DB2FE240D95F0164DB /* Pods-QuickFood.debug.xcconfig */;
			buildSettings = {
				ASSETCATALOG_COMPILER_APPICON_NAME = AppIcon;
				CODE_SIGN_STYLE = Automatic;
				DEVELOPMENT_ASSET_PATHS = "\"QuickFood/Preview Content\"";
				DEVELOPMENT_TEAM = 7C3QY295MV;
				ENABLE_PREVIEWS = YES;
				INFOPLIST_FILE = QuickFood/Info.plist;
				LD_RUNPATH_SEARCH_PATHS = (
					"$(inherited)",
					"@executable_path/Frameworks",
				);
				PRODUCT_BUNDLE_IDENTIFIER = edu.stanford.cs193p.danielmq.QuickFood;
				PRODUCT_NAME = "$(TARGET_NAME)";
				SWIFT_VERSION = 5.0;
				TARGETED_DEVICE_FAMILY = "1,2";
			};
			name = Debug;
		};
		658FC45F248D7A4100B19FCE /* Release */ = {
			isa = XCBuildConfiguration;
			baseConfigurationReference = 69B5335C6C155641391F980B /* Pods-QuickFood.release.xcconfig */;
			buildSettings = {
				ASSETCATALOG_COMPILER_APPICON_NAME = AppIcon;
				CODE_SIGN_STYLE = Automatic;
				DEVELOPMENT_ASSET_PATHS = "\"QuickFood/Preview Content\"";
				DEVELOPMENT_TEAM = 7C3QY295MV;
				ENABLE_PREVIEWS = YES;
				INFOPLIST_FILE = QuickFood/Info.plist;
				LD_RUNPATH_SEARCH_PATHS = (
					"$(inherited)",
					"@executable_path/Frameworks",
				);
				PRODUCT_BUNDLE_IDENTIFIER = edu.stanford.cs193p.danielmq.QuickFood;
				PRODUCT_NAME = "$(TARGET_NAME)";
				SWIFT_VERSION = 5.0;
				TARGETED_DEVICE_FAMILY = "1,2";
			};
			name = Release;
		};
/* End XCBuildConfiguration section */

/* Begin XCConfigurationList section */
		658FC444248D7A4000B19FCE /* Build configuration list for PBXProject "QuickFood" */ = {
			isa = XCConfigurationList;
			buildConfigurations = (
				658FC45B248D7A4100B19FCE /* Debug */,
				658FC45C248D7A4100B19FCE /* Release */,
			);
			defaultConfigurationIsVisible = 0;
			defaultConfigurationName = Release;
		};
		658FC45D248D7A4100B19FCE /* Build configuration list for PBXNativeTarget "QuickFood" */ = {
			isa = XCConfigurationList;
			buildConfigurations = (
				658FC45E248D7A4100B19FCE /* Debug */,
				658FC45F248D7A4100B19FCE /* Release */,
			);
			defaultConfigurationIsVisible = 0;
			defaultConfigurationName = Release;
		};
/* End XCConfigurationList section */
	};
	rootObject = 658FC441248D7A4000B19FCE /* Project object */;
}
